Microsoft Visual Studio Solution File, Format Version 12.00
# Visual Studio Version 17
VisualStudioVersion = 17.5.2.0
MinimumVisualStudioVersion = 10.0.40219.1
Project("{FAE04EC0-301F-11D3-BF4B-00C04F79EFBC}") = "McpCliente.VisitorService", "McpCliente.VisitorService.csproj", "{348CB7F4-134B-56AF-A05E-BE001580A590}"
EndProject
Global
	GlobalSection(SolutionConfigurationPlatforms) = preSolution
		Debug|Any CPU = Debug|Any CPU
		Release|Any CPU = Release|Any CPU
	EndGlobalSection
	GlobalSection(ProjectConfigurationPlatforms) = postSolution
		{348CB7F4-134B-56AF-A05E-BE001580A590}.Debug|Any CPU.ActiveCfg = Debug|Any CPU
		{348CB7F4-134B-56AF-A05E-BE001580A590}.Debug|Any CPU.Build.0 = Debug|Any CPU
		{348CB7F4-134B-56AF-A05E-BE001580A590}.Release|Any CPU.ActiveCfg = Release|Any CPU
		{348CB7F4-134B-56AF-A05E-BE001580A590}.Release|Any CPU.Build.0 = Release|Any CPU
	EndGlobalSection
	GlobalSection(SolutionProperties) = preSolution
		HideSolutionNode = FALSE
	EndGlobalSection
	GlobalSection(ExtensibilityGlobals) = postSolution
		SolutionGuid = {F7BF096B-96BC-40AB-BC00-BE7BA6627931}
	EndGlobalSection
EndGlobal
