Microsoft Visual Studio Solution File, Format Version 12.00
# Visual Studio Version 17
VisualStudioVersion = 17.5.2.0
MinimumVisualStudioVersion = 10.0.40219.1
Project("{FAE04EC0-301F-11D3-BF4B-00C04F79EFBC}") = "McpServer.VisitorService", "McpServer.VisitorService.csproj", "{135FB9EB-5EAB-2D8C-A609-983BCE0EDCEB}"
EndProject
Global
	GlobalSection(SolutionConfigurationPlatforms) = preSolution
		Debug|Any CPU = Debug|Any CPU
		Release|Any CPU = Release|Any CPU
	EndGlobalSection
	GlobalSection(ProjectConfigurationPlatforms) = postSolution
		{135FB9EB-5EAB-2D8C-A609-983BCE0EDCEB}.Debug|Any CPU.ActiveCfg = Debug|Any CPU
		{135FB9EB-5EAB-2D8C-A609-983BCE0EDCEB}.Debug|Any CPU.Build.0 = Debug|Any CPU
		{135FB9EB-5EAB-2D8C-A609-983BCE0EDCEB}.Release|Any CPU.ActiveCfg = Release|Any CPU
		{135FB9EB-5EAB-2D8C-A609-983BCE0EDCEB}.Release|Any CPU.Build.0 = Release|Any CPU
	EndGlobalSection
	GlobalSection(SolutionProperties) = preSolution
		HideSolutionNode = FALSE
	EndGlobalSection
	GlobalSection(ExtensibilityGlobals) = postSolution
		SolutionGuid = {14B61B02-6714-48AD-B397-05ED91B9277D}
	EndGlobalSection
EndGlobal
